
Microsoft Visual Studio Solution File, Format Version 12.00
# Visual Studio Version 17
VisualStudioVersion = 17.2.32630.192
MinimumVisualStudioVersion = 10.0.40219.1
Project("{FAE04EC0-301F-11D3-BF4B-00C04F79EFBC}") = "mcugraph", "mcugraph.csproj", "{B14A0BF8-9687-4BA2-8ACB-8AD7588B59C2}"
EndProject
Global
	GlobalSection(SolutionConfigurationPlatforms) = preSolution
		Debug|Any CPU = Debug|Any CPU
		Release|Any CPU = Release|Any CPU
	EndGlobalSection
	GlobalSection(ProjectConfigurationPlatforms) = postSolution
		{B14A0BF8-9687-4BA2-8ACB-8AD7588B59C2}.Debug|Any CPU.ActiveCfg = Debug|Any CPU
		{B14A0BF8-9687-4BA2-8ACB-8AD7588B59C2}.Debug|Any CPU.Build.0 = Debug|Any CPU
		{B14A0BF8-9687-4BA2-8ACB-8AD7588B59C2}.Release|Any CPU.ActiveCfg = Release|Any CPU
		{B14A0BF8-9687-4BA2-8ACB-8AD7588B59C2}.Release|Any CPU.Build.0 = Release|Any CPU
	EndGlobalSection
	GlobalSection(SolutionProperties) = preSolution
		HideSolutionNode = FALSE
	EndGlobalSection
	GlobalSection(ExtensibilityGlobals) = postSolution
		SolutionGuid = {76BFDB2E-3C23-46E0-BEEC-03FE5202302D}
	EndGlobalSection
EndGlobal
